{
	"requires": true,
	"lockfileVersion": 1,
	"dependencies": {
		"@types/node": {
			"version": "9.6.41",
			"resolved": "https://registry.npmjs.org/@types/node/-/node-9.6.41.tgz",
			"integrity": "sha512-sPZWEbFMz6qAy9SLY7jh5cgepmsiwqUUHjvEm8lpU6kug2hmmcyuTnwhoGw/GWpI5Npue4EqvsiQQI0eWjW/ZA=="
		}
	}
}
